// !$*UTF8*$!
{
	archiveVersion = 1;
	classes = {
	};
	objectVersion = 46;
	objects = {

/* Begin PBXBuildFile section */
		768AE1871415C6EC00B9469A /* main.cpp in Sources */ = {isa = PBXBuildFile; fileRef = 768AE1861415C6EC00B9469A /* main.cpp */; };
		768AE1891415C6EC00B9469A /* Netio.1 in CopyFiles */ = {isa = PBXBuildFile; fileRef = 768AE1881415C6EC00B9469A /* Netio.1 */; };
		76B68C0B14B1802600337D84 /* PacketBuffer.cpp in Sources */ = {isa = PBXBuildFile; fileRef = 76B68C0A14B1802600337D84 /* PacketBuffer.cpp */; };
		76EA3FDB1477249A0048E55A /* UdpSocket.cpp in Sources */ = {isa = PBXBuildFile; fileRef = 76EA3FDA1477249A0048E55A /* UdpSocket.cpp */; };
/* End PBXBuildFile section */

/* Begin PBXCopyFilesBuildPhase section */
		768AE1801415C6EC00B9469A /* CopyFiles */ = {
			isa = PBXCopyFilesBuildPhase;
			buildActionMask = 2147483647;
			dstPath = /usr/share/man/man1/;
			dstSubfolderSpec = 0;
			files = (
				768AE1891415C6EC00B9469A /* Netio.1 in CopyFiles */,
			);
			runOnlyForDeploymentPostprocessing = 1;
		};
/* End PBXCopyFilesBuildPhase section */

/* Begin PBXFileReference section */
		768AE1821415C6EC00B9469A /* Netio */ = {isa = PBXFileReference; explicitFileType = "compiled.mach-o.executable"; includeInIndex = 0; path = Netio; sourceTree = BUILT_PRODUCTS_DIR; };
		768AE1861415C6EC00B9469A /* main.cpp */ = {isa = PBXFileReference; lastKnownFileType = sourcecode.cpp.cpp; path = main.cpp; sourceTree = "<group>"; };
		768AE1881415C6EC00B9469A /* Netio.1 */ = {isa = PBXFileReference; lastKnownFileType = text.man; path = Netio.1; sourceTree = "<group>"; };
		769887D814A9AAC800E3A343 /* PacketBuffer.h */ = {isa = PBXFileReference; fileEncoding = 4; lastKnownFileType = sourcecode.c.h; path = PacketBuffer.h; sourceTree = "<group>"; };
		76B68C0A14B1802600337D84 /* PacketBuffer.cpp */ = {isa = PBXFileReference; fileEncoding = 4; lastKnownFileType = sourcecode.cpp.cpp; path = PacketBuffer.cpp; sourceTree = "<group>"; };
		76BD512C147809D100EB93E8 /* Endpoint.h */ = {isa = PBXFileReference; fileEncoding = 4; lastKnownFileType = sourcecode.c.h; path = Endpoint.h; sourceTree = "<group>"; };
		76EA3FDA1477249A0048E55A /* UdpSocket.cpp */ = {isa = PBXFileReference; fileEncoding = 4; lastKnownFileType = sourcecode.cpp.cpp; path = UdpSocket.cpp; sourceTree = "<group>"; };
		76EA3FDD147724B00048E55A /* UdpSocket.h */ = {isa = PBXFileReference; fileEncoding = 4; lastKnownFileType = sourcecode.c.h; path = UdpSocket.h; sourceTree = "<group>"; };
/* End PBXFileReference section */

/* Begin PBXFrameworksBuildPhase section */
		768AE17F1415C6EC00B9469A /* Frameworks */ = {
			isa = PBXFrameworksBuildPhase;
			buildActionMask = 2147483647;
			files = (
			);
			runOnlyForDeploymentPostprocessing = 0;
		};
/* End PBXFrameworksBuildPhase section */

/* Begin PBXGroup section */
		768AE1771415C6EC00B9469A = {
			isa = PBXGroup;
			children = (
				768AE1851415C6EC00B9469A /* Netio */,
				768AE1831415C6EC00B9469A /* Products */,
			);
			sourceTree = "<group>";
		};
		768AE1831415C6EC00B9469A /* Products */ = {
			isa = PBXGroup;
			children = (
				768AE1821415C6EC00B9469A /* Netio */,
			);
			name = Products;
			sourceTree = "<group>";
		};
		768AE1851415C6EC00B9469A /* Netio */ = {
			isa = PBXGroup;
			children = (
				76B68C0A14B1802600337D84 /* PacketBuffer.cpp */,
				768AE1861415C6EC00B9469A /* main.cpp */,
				768AE1881415C6EC00B9469A /* Netio.1 */,
				76EA3FDA1477249A0048E55A /* UdpSocket.cpp */,
				76EA3FDD147724B00048E55A /* UdpSocket.h */,
				76BD512C147809D100EB93E8 /* Endpoint.h */,
				769887D814A9AAC800E3A343 /* PacketBuffer.h */,
			);
			path = Netio;
			sourceTree = "<group>";
		};
/* End PBXGroup section */

/* Begin PBXNativeTarget section */
		768AE1811415C6EC00B9469A /* Netio */ = {
			isa = PBXNativeTarget;
			buildConfigurationList = 768AE18C1415C6EC00B9469A /* Build configuration list for PBXNativeTarget "Netio" */;
			buildPhases = (
				768AE17E1415C6EC00B9469A /* Sources */,
				768AE17F1415C6EC00B9469A /* Frameworks */,
				768AE1801415C6EC00B9469A /* CopyFiles */,
			);
			buildRules = (
			);
			dependencies = (
			);
			name = Netio;
			productName = Netio;
			productReference = 768AE1821415C6EC00B9469A /* Netio */;
			productType = "com.apple.product-type.tool";
		};
/* End PBXNativeTarget section */

/* Begin PBXProject section */
		768AE1791415C6EC00B9469A /* Project object */ = {
			isa = PBXProject;
			attributes = {
				LastUpgradeCheck = 0420;
				ORGANIZATIONNAME = F9E;
			};
			buildConfigurationList = 768AE17C1415C6EC00B9469A /* Build configuration list for PBXProject "Netio" */;
			compatibilityVersion = "Xcode 3.2";
			developmentRegion = English;
			hasScannedForEncodings = 0;
			knownRegions = (
				en,
			);
			mainGroup = 768AE1771415C6EC00B9469A;
			productRefGroup = 768AE1831415C6EC00B9469A /* Products */;
			projectDirPath = "";
			projectRoot = "";
			targets = (
				768AE1811415C6EC00B9469A /* Netio */,
			);
		};
/* End PBXProject section */

/* Begin PBXSourcesBuildPhase section */
		768AE17E1415C6EC00B9469A /* Sources */ = {
			isa = PBXSourcesBuildPhase;
			buildActionMask = 2147483647;
			files = (
				768AE1871415C6EC00B9469A /* main.cpp in Sources */,
				76EA3FDB1477249A0048E55A /* UdpSocket.cpp in Sources */,
				76B68C0B14B1802600337D84 /* PacketBuffer.cpp in Sources */,
			);
			runOnlyForDeploymentPostprocessing = 0;
		};
/* End PBXSourcesBuildPhase section */

/* Begin XCBuildConfiguration section */
		768AE18A1415C6EC00B9469A /* Debug */ = {
			isa = XCBuildConfiguration;
			buildSettings = {
				ALWAYS_SEARCH_USER_PATHS = NO;
				ARCHS = "$(ARCHS_STANDARD_64_BIT)";
				CLANG_CXX_LANGUAGE_STANDARD = "c++0x";
				CLANG_CXX_LIBRARY = "libc++";
				COPY_PHASE_STRIP = NO;
				DEBUG_INFORMATION_FORMAT = "dwarf-with-dsym";
				GCC_C_LANGUAGE_STANDARD = gnu99;
				GCC_DYNAMIC_NO_PIC = NO;
				GCC_ENABLE_OBJC_EXCEPTIONS = NO;
				GCC_OPTIMIZATION_LEVEL = 0;
				GCC_PREPROCESSOR_DEFINITIONS = (
					"DEBUG=1",
					"$(inherited)",
				);
				GCC_SYMBOLS_PRIVATE_EXTERN = NO;
				GCC_VERSION = com.apple.compilers.llvm.clang.1_0;
				GCC_WARN_64_TO_32_BIT_CONVERSION = YES;
				GCC_WARN_ABOUT_MISSING_PROTOTYPES = YES;
				GCC_WARN_ABOUT_RETURN_TYPE = YES;
				GCC_WARN_UNUSED_VARIABLE = YES;
				MACOSX_DEPLOYMENT_TARGET = 10.7;
				ONLY_ACTIVE_ARCH = YES;
				SDKROOT = macosx;
			};
			name = Debug;
		};
		768AE18B1415C6EC00B9469A /* Release */ = {
			isa = XCBuildConfiguration;
			buildSettings = {
				ALWAYS_SEARCH_USER_PATHS = NO;
				ARCHS = "$(ARCHS_STANDARD_64_BIT)";
				CLANG_CXX_LANGUAGE_STANDARD = "c++0x";
				CLANG_CXX_LIBRARY = "libc++";
				COPY_PHASE_STRIP = YES;
				DEBUG_INFORMATION_FORMAT = "dwarf-with-dsym";
				GCC_C_LANGUAGE_STANDARD = gnu99;
				GCC_ENABLE_OBJC_EXCEPTIONS = NO;
				GCC_VERSION = com.apple.compilers.llvm.clang.1_0;
				GCC_WARN_64_TO_32_BIT_CONVERSION = YES;
				GCC_WARN_ABOUT_MISSING_PROTOTYPES = YES;
				GCC_WARN_ABOUT_RETURN_TYPE = YES;
				GCC_WARN_UNUSED_VARIABLE = YES;
				MACOSX_DEPLOYMENT_TARGET = 10.7;
				ONLY_ACTIVE_ARCH = NO;
				SDKROOT = macosx;
			};
			name = Release;
		};
		768AE18D1415C6EC00B9469A /* Debug */ = {
			isa = XCBuildConfiguration;
			buildSettings = {
				PRODUCT_NAME = "$(TARGET_NAME)";
			};
			name = Debug;
		};
		768AE18E1415C6EC00B9469A /* Release */ = {
			isa = XCBuildConfiguration;
			buildSettings = {
				ONLY_ACTIVE_ARCH = YES;
				PRODUCT_NAME = "$(TARGET_NAME)";
			};
			name = Release;
		};
/* End XCBuildConfiguration section */

/* Begin XCConfigurationList section */
		768AE17C1415C6EC00B9469A /* Build configuration list for PBXProject "Netio" */ = {
			isa = XCConfigurationList;
			buildConfigurations = (
				768AE18A1415C6EC00B9469A /* Debug */,
				768AE18B1415C6EC00B9469A /* Release */,
			);
			defaultConfigurationIsVisible = 0;
			defaultConfigurationName = Release;
		};
		768AE18C1415C6EC00B9469A /* Build configuration list for PBXNativeTarget "Netio" */ = {
			isa = XCConfigurationList;
			buildConfigurations = (
				768AE18D1415C6EC00B9469A /* Debug */,
				768AE18E1415C6EC00B9469A /* Release */,
			);
			defaultConfigurationIsVisible = 0;
			defaultConfigurationName = Release;
		};
/* End XCConfigurationList section */
	};
	rootObject = 768AE1791415C6EC00B9469A /* Project object */;
}
